
Microsoft Visual Studio Solution File, Format Version 12.00
# Visual Studio Version 17
VisualStudioVersion = 17.14.36203.30
MinimumVisualStudioVersion = 10.0.40219.1
Project("{8BC9CEB8-8B4A-11D0-8D11-00A0C91BC942}") = "1.2", "1.2\1.2.vcxproj", "{9FDCF31D-26C2-4B6B-A97C-93442BD7043F}"
EndProject
Project("{8BC9CEB8-8B4A-11D0-8D11-00A0C91BC942}") = "1.3", "1.3\1.3.vcxproj", "{771CB545-F764-4550-8B4B-D165BAD3A27B}"
EndProject
Project("{8BC9CEB8-8B4A-11D0-8D11-00A0C91BC942}") = "2.1", "2.1\2.1.vcxproj", "{E6B311E8-4656-42EB-83D2-1AE078FAD6D8}"
EndProject
Project("{8BC9CEB8-8B4A-11D0-8D11-00A0C91BC942}") = "2.3", "2.3\2.3.vcxproj", "{A67EF4CA-14B3-454C-89C6-5C3217DFFE3B}"
EndProject
Project("{8BC9CEB8-8B4A-11D0-8D11-00A0C91BC942}") = "3.1", "3.1\3.1.vcxproj", "{D3B66E67-184C-4F07-9E77-BE7939298E4B}"
EndProject
Project("{8BC9CEB8-8B4A-11D0-8D11-00A0C91BC942}") = "3.2", "3.2\3.2.vcxproj", "{DAB41A94-6736-44FF-BF2F-4395CAEAE540}"
EndProject
Project("{8BC9CEB8-8B4A-11D0-8D11-00A0C91BC942}") = "3.3", "3.3\3.3.vcxproj", "{343D61C2-F870-4217-802F-A94A9A027197}"
EndProject
Project("{8BC9CEB8-8B4A-11D0-8D11-00A0C91BC942}") = "4.1", "4.1\4.1.vcxproj", "{482E0533-F87D-4845-83E2-FCD3CEA5AE09}"
EndProject
Project("{8BC9CEB8-8B4A-11D0-8D11-00A0C91BC942}") = "4.2", "4.2\4.2.vcxproj", "{830E38CE-9958-4B8A-BAAD-D7F765FE70CC}"
EndProject
Project("{8BC9CEB8-8B4A-11D0-8D11-00A0C91BC942}") = "4.3", "4.3\4.3.vcxproj", "{1DF73424-C522-414A-98F7-DF4601805B62}"
EndProject
Project("{8BC9CEB8-8B4A-11D0-8D11-00A0C91BC942}") = "5.2", "5.2\5.2.vcxproj", "{B5B9270A-E2D6-4439-9E25-31AD99E21E15}"
EndProject
Project("{8BC9CEB8-8B4A-11D0-8D11-00A0C91BC942}") = "5.3", "5.3\5.3.vcxproj", "{26C27164-AE25-400F-8BD0-C9E9E6D8D5E2}"
EndProject
Project("{8BC9CEB8-8B4A-11D0-8D11-00A0C91BC942}") = "2.2", "2.2\2.2.vcxproj", "{F6CC6312-D33E-4BEE-BB2E-DA149303E4CD}"
EndProject
Project("{8BC9CEB8-8B4A-11D0-8D11-00A0C91BC942}") = "1.1", "1.1\1.1.vcxproj", "{E829A5A7-B092-4BB2-9454-D0CE4DCAB2D6}"
EndProject
Project("{8BC9CEB8-8B4A-11D0-8D11-00A0C91BC942}") = "5.1", "5.1\5.1.vcxproj", "{00793BBE-D929-49BA-80D7-299BBD1E978C}"
EndProject
Global
	GlobalSection(SolutionConfigurationPlatforms) = preSolution
		Debug|x64 = Debug|x64
		Debug|x86 = Debug|x86
		Release|x64 = Release|x64
		Release|x86 = Release|x86
	EndGlobalSection
	GlobalSection(ProjectConfigurationPlatforms) = postSolution
		{9FDCF31D-26C2-4B6B-A97C-93442BD7043F}.Debug|x64.ActiveCfg = Debug|x64
		{9FDCF31D-26C2-4B6B-A97C-93442BD7043F}.Debug|x64.Build.0 = Debug|x64
		{9FDCF31D-26C2-4B6B-A97C-93442BD7043F}.Debug|x86.ActiveCfg = Debug|Win32
		{9FDCF31D-26C2-4B6B-A97C-93442BD7043F}.Debug|x86.Build.0 = Debug|Win32
		{9FDCF31D-26C2-4B6B-A97C-93442BD7043F}.Release|x64.ActiveCfg = Release|x64
		{9FDCF31D-26C2-4B6B-A97C-93442BD7043F}.Release|x64.Build.0 = Release|x64
		{9FDCF31D-26C2-4B6B-A97C-93442BD7043F}.Release|x86.ActiveCfg = Release|Win32
		{9FDCF31D-26C2-4B6B-A97C-93442BD7043F}.Release|x86.Build.0 = Release|Win32
		{771CB545-F764-4550-8B4B-D165BAD3A27B}.Debug|x64.ActiveCfg = Debug|x64
		{771CB545-F764-4550-8B4B-D165BAD3A27B}.Debug|x64.Build.0 = Debug|x64
		{771CB545-F764-4550-8B4B-D165BAD3A27B}.Debug|x86.ActiveCfg = Debug|Win32
		{771CB545-F764-4550-8B4B-D165BAD3A27B}.Debug|x86.Build.0 = Debug|Win32
		{771CB545-F764-4550-8B4B-D165BAD3A27B}.Release|x64.ActiveCfg = Release|x64
		{771CB545-F764-4550-8B4B-D165BAD3A27B}.Release|x64.Build.0 = Release|x64
		{771CB545-F764-4550-8B4B-D165BAD3A27B}.Release|x86.ActiveCfg = Release|Win32
		{771CB545-F764-4550-8B4B-D165BAD3A27B}.Release|x86.Build.0 = Release|Win32
		{E6B311E8-4656-42EB-83D2-1AE078FAD6D8}.Debug|x64.ActiveCfg = Debug|x64
		{E6B311E8-4656-42EB-83D2-1AE078FAD6D8}.Debug|x64.Build.0 = Debug|x64
		{E6B311E8-4656-42EB-83D2-1AE078FAD6D8}.Debug|x86.ActiveCfg = Debug|Win32
		{E6B311E8-4656-42EB-83D2-1AE078FAD6D8}.Debug|x86.Build.0 = Debug|Win32
		{E6B311E8-4656-42EB-83D2-1AE078FAD6D8}.Release|x64.ActiveCfg = Release|x64
		{E6B311E8-4656-42EB-83D2-1AE078FAD6D8}.Release|x64.Build.0 = Release|x64
		{E6B311E8-4656-42EB-83D2-1AE078FAD6D8}.Release|x86.ActiveCfg = Release|Win32
		{E6B311E8-4656-42EB-83D2-1AE078FAD6D8}.Release|x86.Build.0 = Release|Win32
		{A67EF4CA-14B3-454C-89C6-5C3217DFFE3B}.Debug|x64.ActiveCfg = Debug|x64
		{A67EF4CA-14B3-454C-89C6-5C3217DFFE3B}.Debug|x64.Build.0 = Debug|x64
		{A67EF4CA-14B3-454C-89C6-5C3217DFFE3B}.Debug|x86.ActiveCfg = Debug|Win32
		{A67EF4CA-14B3-454C-89C6-5C3217DFFE3B}.Debug|x86.Build.0 = Debug|Win32
		{A67EF4CA-14B3-454C-89C6-5C3217DFFE3B}.Release|x64.ActiveCfg = Release|x64
		{A67EF4CA-14B3-454C-89C6-5C3217DFFE3B}.Release|x64.Build.0 = Release|x64
		{A67EF4CA-14B3-454C-89C6-5C3217DFFE3B}.Release|x86.ActiveCfg = Release|Win32
		{A67EF4CA-14B3-454C-89C6-5C3217DFFE3B}.Release|x86.Build.0 = Release|Win32
		{D3B66E67-184C-4F07-9E77-BE7939298E4B}.Debug|x64.ActiveCfg = Debug|x64
		{D3B66E67-184C-4F07-9E77-BE7939298E4B}.Debug|x64.Build.0 = Debug|x64
		{D3B66E67-184C-4F07-9E77-BE7939298E4B}.Debug|x86.ActiveCfg = Debug|Win32
		{D3B66E67-184C-4F07-9E77-BE7939298E4B}.Debug|x86.Build.0 = Debug|Win32
		{D3B66E67-184C-4F07-9E77-BE7939298E4B}.Release|x64.ActiveCfg = Release|x64
		{D3B66E67-184C-4F07-9E77-BE7939298E4B}.Release|x64.Build.0 = Release|x64
		{D3B66E67-184C-4F07-9E77-BE7939298E4B}.Release|x86.ActiveCfg = Release|Win32
		{D3B66E67-184C-4F07-9E77-BE7939298E4B}.Release|x86.Build.0 = Release|Win32
		{DAB41A94-6736-44FF-BF2F-4395CAEAE540}.Debug|x64.ActiveCfg = Debug|x64
		{DAB41A94-6736-44FF-BF2F-4395CAEAE540}.Debug|x64.Build.0 = Debug|x64
		{DAB41A94-6736-44FF-BF2F-4395CAEAE540}.Debug|x86.ActiveCfg = Debug|Win32
		{DAB41A94-6736-44FF-BF2F-4395CAEAE540}.Debug|x86.Build.0 = Debug|Win32
		{DAB41A94-6736-44FF-BF2F-4395CAEAE540}.Release|x64.ActiveCfg = Release|x64
		{DAB41A94-6736-44FF-BF2F-4395CAEAE540}.Release|x64.Build.0 = Release|x64
		{DAB41A94-6736-44FF-BF2F-4395CAEAE540}.Release|x86.ActiveCfg = Release|Win32
		{DAB41A94-6736-44FF-BF2F-4395CAEAE540}.Release|x86.Build.0 = Release|Win32
		{343D61C2-F870-4217-802F-A94A9A027197}.Debug|x64.ActiveCfg = Debug|x64
		{343D61C2-F870-4217-802F-A94A9A027197}.Debug|x64.Build.0 = Debug|x64
		{343D61C2-F870-4217-802F-A94A9A027197}.Debug|x86.ActiveCfg = Debug|Win32
		{343D61C2-F870-4217-802F-A94A9A027197}.Debug|x86.Build.0 = Debug|Win32
		{343D61C2-F870-4217-802F-A94A9A027197}.Release|x64.ActiveCfg = Release|x64
		{343D61C2-F870-4217-802F-A94A9A027197}.Release|x64.Build.0 = Release|x64
		{343D61C2-F870-4217-802F-A94A9A027197}.Release|x86.ActiveCfg = Release|Win32
		{343D61C2-F870-4217-802F-A94A9A027197}.Release|x86.Build.0 = Release|Win32
		{482E0533-F87D-4845-83E2-FCD3CEA5AE09}.Debug|x64.ActiveCfg = Debug|x64
		{482E0533-F87D-4845-83E2-FCD3CEA5AE09}.Debug|x64.Build.0 = Debug|x64
		{482E0533-F87D-4845-83E2-FCD3CEA5AE09}.Debug|x86.ActiveCfg = Debug|Win32
		{482E0533-F87D-4845-83E2-FCD3CEA5AE09}.Debug|x86.Build.0 = Debug|Win32
		{482E0533-F87D-4845-83E2-FCD3CEA5AE09}.Release|x64.ActiveCfg = Release|x64
		{482E0533-F87D-4845-83E2-FCD3CEA5AE09}.Release|x64.Build.0 = Release|x64
		{482E0533-F87D-4845-83E2-FCD3CEA5AE09}.Release|x86.ActiveCfg = Release|Win32
		{482E0533-F87D-4845-83E2-FCD3CEA5AE09}.Release|x86.Build.0 = Release|Win32
		{830E38CE-9958-4B8A-BAAD-D7F765FE70CC}.Debug|x64.ActiveCfg = Debug|x64
		{830E38CE-9958-4B8A-BAAD-D7F765FE70CC}.Debug|x64.Build.0 = Debug|x64
		{830E38CE-9958-4B8A-BAAD-D7F765FE70CC}.Debug|x86.ActiveCfg = Debug|Win32
		{830E38CE-9958-4B8A-BAAD-D7F765FE70CC}.Debug|x86.Build.0 = Debug|Win32
		{830E38CE-9958-4B8A-BAAD-D7F765FE70CC}.Release|x64.ActiveCfg = Release|x64
		{830E38CE-9958-4B8A-BAAD-D7F765FE70CC}.Release|x64.Build.0 = Release|x64
		{830E38CE-9958-4B8A-BAAD-D7F765FE70CC}.Release|x86.ActiveCfg = Release|Win32
		{830E38CE-9958-4B8A-BAAD-D7F765FE70CC}.Release|x86.Build.0 = Release|Win32
		{1DF73424-C522-414A-98F7-DF4601805B62}.Debug|x64.ActiveCfg = Debug|x64
		{1DF73424-C522-414A-98F7-DF4601805B62}.Debug|x64.Build.0 = Debug|x64
		{1DF73424-C522-414A-98F7-DF4601805B62}.Debug|x86.ActiveCfg = Debug|Win32
		{1DF73424-C522-414A-98F7-DF4601805B62}.Debug|x86.Build.0 = Debug|Win32
		{1DF73424-C522-414A-98F7-DF4601805B62}.Release|x64.ActiveCfg = Release|x64
		{1DF73424-C522-414A-98F7-DF4601805B62}.Release|x64.Build.0 = Release|x64
		{1DF73424-C522-414A-98F7-DF4601805B62}.Release|x86.ActiveCfg = Release|Win32
		{1DF73424-C522-414A-98F7-DF4601805B62}.Release|x86.Build.0 = Release|Win32
		{B5B9270A-E2D6-4439-9E25-31AD99E21E15}.Debug|x64.ActiveCfg = Debug|x64
		{B5B9270A-E2D6-4439-9E25-31AD99E21E15}.Debug|x64.Build.0 = Debug|x64
		{B5B9270A-E2D6-4439-9E25-31AD99E21E15}.Debug|x86.ActiveCfg = Debug|Win32
		{B5B9270A-E2D6-4439-9E25-31AD99E21E15}.Debug|x86.Build.0 = Debug|Win32
		{B5B9270A-E2D6-4439-9E25-31AD99E21E15}.Release|x64.ActiveCfg = Release|x64
		{B5B9270A-E2D6-4439-9E25-31AD99E21E15}.Release|x64.Build.0 = Release|x64
		{B5B9270A-E2D6-4439-9E25-31AD99E21E15}.Release|x86.ActiveCfg = Release|Win32
		{B5B9270A-E2D6-4439-9E25-31AD99E21E15}.Release|x86.Build.0 = Release|Win32
		{26C27164-AE25-400F-8BD0-C9E9E6D8D5E2}.Debug|x64.ActiveCfg = Debug|x64
		{26C27164-AE25-400F-8BD0-C9E9E6D8D5E2}.Debug|x64.Build.0 = Debug|x64
		{26C27164-AE25-400F-8BD0-C9E9E6D8D5E2}.Debug|x86.ActiveCfg = Debug|Win32
		{26C27164-AE25-400F-8BD0-C9E9E6D8D5E2}.Debug|x86.Build.0 = Debug|Win32
		{26C27164-AE25-400F-8BD0-C9E9E6D8D5E2}.Release|x64.ActiveCfg = Release|x64
		{26C27164-AE25-400F-8BD0-C9E9E6D8D5E2}.Release|x64.Build.0 = Release|x64
		{26C27164-AE25-400F-8BD0-C9E9E6D8D5E2}.Release|x86.ActiveCfg = Release|Win32
		{26C27164-AE25-400F-8BD0-C9E9E6D8D5E2}.Release|x86.Build.0 = Release|Win32
		{F6CC6312-D33E-4BEE-BB2E-DA149303E4CD}.Debug|x64.ActiveCfg = Debug|x64
		{F6CC6312-D33E-4BEE-BB2E-DA149303E4CD}.Debug|x64.Build.0 = Debug|x64
		{F6CC6312-D33E-4BEE-BB2E-DA149303E4CD}.Debug|x86.ActiveCfg = Debug|Win32
		{F6CC6312-D33E-4BEE-BB2E-DA149303E4CD}.Debug|x86.Build.0 = Debug|Win32
		{F6CC6312-D33E-4BEE-BB2E-DA149303E4CD}.Release|x64.ActiveCfg = Release|x64
		{F6CC6312-D33E-4BEE-BB2E-DA149303E4CD}.Release|x64.Build.0 = Release|x64
		{F6CC6312-D33E-4BEE-BB2E-DA149303E4CD}.Release|x86.ActiveCfg = Release|Win32
		{F6CC6312-D33E-4BEE-BB2E-DA149303E4CD}.Release|x86.Build.0 = Release|Win32
		{E829A5A7-B092-4BB2-9454-D0CE4DCAB2D6}.Debug|x64.ActiveCfg = Debug|x64
		{E829A5A7-B092-4BB2-9454-D0CE4DCAB2D6}.Debug|x64.Build.0 = Debug|x64
		{E829A5A7-B092-4BB2-9454-D0CE4DCAB2D6}.Debug|x86.ActiveCfg = Debug|Win32
		{E829A5A7-B092-4BB2-9454-D0CE4DCAB2D6}.Debug|x86.Build.0 = Debug|Win32
		{E829A5A7-B092-4BB2-9454-D0CE4DCAB2D6}.Release|x64.ActiveCfg = Release|x64
		{E829A5A7-B092-4BB2-9454-D0CE4DCAB2D6}.Release|x64.Build.0 = Release|x64
		{E829A5A7-B092-4BB2-9454-D0CE4DCAB2D6}.Release|x86.ActiveCfg = Release|Win32
		{E829A5A7-B092-4BB2-9454-D0CE4DCAB2D6}.Release|x86.Build.0 = Release|Win32
		{00793BBE-D929-49BA-80D7-299BBD1E978C}.Debug|x64.ActiveCfg = Debug|x64
		{00793BBE-D929-49BA-80D7-299BBD1E978C}.Debug|x64.Build.0 = Debug|x64
		{00793BBE-D929-49BA-80D7-299BBD1E978C}.Debug|x86.ActiveCfg = Debug|Win32
		{00793BBE-D929-49BA-80D7-299BBD1E978C}.Debug|x86.Build.0 = Debug|Win32
		{00793BBE-D929-49BA-80D7-299BBD1E978C}.Release|x64.ActiveCfg = Release|x64
		{00793BBE-D929-49BA-80D7-299BBD1E978C}.Release|x64.Build.0 = Release|x64
		{00793BBE-D929-49BA-80D7-299BBD1E978C}.Release|x86.ActiveCfg = Release|Win32
		{00793BBE-D929-49BA-80D7-299BBD1E978C}.Release|x86.Build.0 = Release|Win32
	EndGlobalSection
	GlobalSection(SolutionProperties) = preSolution
		HideSolutionNode = FALSE
	EndGlobalSection
	GlobalSection(ExtensibilityGlobals) = postSolution
		SolutionGuid = {E6CE06DF-E04B-4A28-ADBD-3CE60219B8EC}
	EndGlobalSection
EndGlobal
