
Microsoft Visual Studio Solution File, Format Version 12.00
# Visual Studio Version 17
VisualStudioVersion = 17.14.36221.1 d17.14
MinimumVisualStudioVersion = 10.0.40219.1
Project("{8BC9CEB8-8B4A-11D0-8D11-00A0C91BC942}") = "Week6_10", "Week6_10\Week6_10.vcxproj", "{05257F1F-140A-4923-BCB0-19F253D93CEA}"
EndProject
Global
	GlobalSection(SolutionConfigurationPlatforms) = preSolution
		Debug|x64 = Debug|x64
		Debug|x86 = Debug|x86
		Release|x64 = Release|x64
		Release|x86 = Release|x86
	EndGlobalSection
	GlobalSection(ProjectConfigurationPlatforms) = postSolution
		{05257F1F-140A-4923-BCB0-19F253D93CEA}.Debug|x64.ActiveCfg = Debug|x64
		{05257F1F-140A-4923-BCB0-19F253D93CEA}.Debug|x64.Build.0 = Debug|x64
		{05257F1F-140A-4923-BCB0-19F253D93CEA}.Debug|x86.ActiveCfg = Debug|Win32
		{05257F1F-140A-4923-BCB0-19F253D93CEA}.Debug|x86.Build.0 = Debug|Win32
		{05257F1F-140A-4923-BCB0-19F253D93CEA}.Release|x64.ActiveCfg = Release|x64
		{05257F1F-140A-4923-BCB0-19F253D93CEA}.Release|x64.Build.0 = Release|x64
		{05257F1F-140A-4923-BCB0-19F253D93CEA}.Release|x86.ActiveCfg = Release|Win32
		{05257F1F-140A-4923-BCB0-19F253D93CEA}.Release|x86.Build.0 = Release|Win32
	EndGlobalSection
	GlobalSection(SolutionProperties) = preSolution
		HideSolutionNode = FALSE
	EndGlobalSection
	GlobalSection(ExtensibilityGlobals) = postSolution
		SolutionGuid = {B944179C-CCAC-4418-B009-5E30943EDABE}
	EndGlobalSection
EndGlobal
